
Microsoft Visual Studio Solution File, Format Version 12.00
# Visual Studio Version 17
VisualStudioVersion = 17.7.34024.191
MinimumVisualStudioVersion = 10.0.40219.1
Project("{FAE04EC0-301F-11D3-BF4B-00C04F79EFBC}") = "docproject2", "docproject2.csproj", "{F7E79365-CAAD-445E-892A-D74D8146399E}"
EndProject
Global
	GlobalSection(SolutionConfigurationPlatforms) = preSolution
		Debug|Any CPU = Debug|Any CPU
		Release|Any CPU = Release|Any CPU
	EndGlobalSection
	GlobalSection(ProjectConfigurationPlatforms) = postSolution
		{F7E79365-CAAD-445E-892A-D74D8146399E}.Debug|Any CPU.ActiveCfg = Debug|Any CPU
		{F7E79365-CAAD-445E-892A-D74D8146399E}.Debug|Any CPU.Build.0 = Debug|Any CPU
		{F7E79365-CAAD-445E-892A-D74D8146399E}.Release|Any CPU.ActiveCfg = Release|Any CPU
		{F7E79365-CAAD-445E-892A-D74D8146399E}.Release|Any CPU.Build.0 = Release|Any CPU
	EndGlobalSection
	GlobalSection(SolutionProperties) = preSolution
		HideSolutionNode = FALSE
	EndGlobalSection
	GlobalSection(ExtensibilityGlobals) = postSolution
		SolutionGuid = {DE77DE18-97FB-4485-AEC2-6B6E4CD46662}
	EndGlobalSection
EndGlobal
